
Microsoft Visual Studio Solution File, Format Version 12.00
# Visual Studio Version 17
VisualStudioVersion = 17.14.36915.13 d17.14
MinimumVisualStudioVersion = 10.0.40219.1
Project("{2150E333-8FDC-42A3-9474-1A3956D46DE8}") = "Services", "Services", "{02EA681E-C7D8-13C7-8484-4AC65E1B71E8}"
EndProject
Project("{2150E333-8FDC-42A3-9474-1A3956D46DE8}") = "Catalog", "Catalog", "{162FBD28-CEB6-48FA-9B7C-2B22B06259B4}"
EndProject
Project("{FAE04EC0-301F-11D3-BF4B-00C04F79EFBC}") = "Catalog", "Catalog\Catalog.csproj", "{B142B429-E310-4C90-8DF5-996D3D1A603A}"
EndProject
Global
	GlobalSection(SolutionConfigurationPlatforms) = preSolution
		Debug|Any CPU = Debug|Any CPU
		Release|Any CPU = Release|Any CPU
	EndGlobalSection
	GlobalSection(ProjectConfigurationPlatforms) = postSolution
		{B142B429-E310-4C90-8DF5-996D3D1A603A}.Debug|Any CPU.ActiveCfg = Debug|Any CPU
		{B142B429-E310-4C90-8DF5-996D3D1A603A}.Debug|Any CPU.Build.0 = Debug|Any CPU
		{B142B429-E310-4C90-8DF5-996D3D1A603A}.Release|Any CPU.ActiveCfg = Release|Any CPU
		{B142B429-E310-4C90-8DF5-996D3D1A603A}.Release|Any CPU.Build.0 = Release|Any CPU
	EndGlobalSection
	GlobalSection(SolutionProperties) = preSolution
		HideSolutionNode = FALSE
	EndGlobalSection
	GlobalSection(NestedProjects) = preSolution
		{162FBD28-CEB6-48FA-9B7C-2B22B06259B4} = {02EA681E-C7D8-13C7-8484-4AC65E1B71E8}
		{B142B429-E310-4C90-8DF5-996D3D1A603A} = {162FBD28-CEB6-48FA-9B7C-2B22B06259B4}
	EndGlobalSection
	GlobalSection(ExtensibilityGlobals) = postSolution
		SolutionGuid = {F5B0A0BE-0719-4F9F-9BFB-30D32548F74B}
	EndGlobalSection
EndGlobal
