
Microsoft Visual Studio Solution File, Format Version 12.00
# Visual Studio Version 17
VisualStudioVersion = 17.14.36915.13
MinimumVisualStudioVersion = 10.0.40219.1
Project("{2150E333-8FDC-42A3-9474-1A3956D46DE8}") = "Catalog", "Catalog", "{02EA681E-C7D8-13C7-8484-4AC65E1B71E8}"
EndProject
Project("{FAE04EC0-301F-11D3-BF4B-00C04F79EFBC}") = "Catalog", "Catalog\Catalog.csproj", "{73F2133A-2B74-476B-B17E-C790856B23D3}"
EndProject
Project("{2150E333-8FDC-42A3-9474-1A3956D46DE8}") = "Services", "Services", "{0189C84B-81C4-4B2E-A8A3-788781154EDE}"
EndProject
Project("{2150E333-8FDC-42A3-9474-1A3956D46DE8}") = "BuildingBlock", "BuildingBlock", "{4E347253-474D-4781-98C5-CB646A9FCD01}"
EndProject
Project("{FAE04EC0-301F-11D3-BF4B-00C04F79EFBC}") = "BuildingBlocks", "BuildingBlocks\BuildingBlocks.csproj", "{4892B58C-1FDD-46A4-91E9-200D4332EABB}"
EndProject
Project("{E53339B2-1760-4266-BCC7-CA923CBCF16C}") = "docker-compose", "docker-compose.dcproj", "{81DDED9D-158B-E303-5F62-77A2896D2A5A}"
EndProject
Project("{2150E333-8FDC-42A3-9474-1A3956D46DE8}") = "Order", "Order", "{A1B2C3D4-E5F6-7890-ABCD-EF1234567890}"
EndProject
Project("{FAE04EC0-301F-11D3-BF4B-00C04F79EFBC}") = "Ordering.Api", "Order\Ordering.Api\Ordering.Api.csproj", "{B2C3D4E5-F6A7-8901-BCDE-F12345678901}"
EndProject
Project("{FAE04EC0-301F-11D3-BF4B-00C04F79EFBC}") = "Ordering.Application", "Order\Ordering.Application\Ordering.Application.csproj", "{C3D4E5F6-A7B8-9012-CDEF-123456789012}"
EndProject
Project("{FAE04EC0-301F-11D3-BF4B-00C04F79EFBC}") = "Ordering.Domain", "Order\Ordering.Domain\Ordering.Domain.csproj", "{D4E5F6A7-B8C9-0123-DEF0-234567890123}"
EndProject
Project("{FAE04EC0-301F-11D3-BF4B-00C04F79EFBC}") = "Ordering.Infrastructure", "Order\Ordering.Infrastructure\Ordering.Infrastructure.csproj", "{E5F6A7B8-C9D0-1234-EF01-345678901234}"
EndProject
Project("{2150E333-8FDC-42A3-9474-1A3956D46DE8}") = "Order", "Order", "{61FCB92D-E3D4-4025-9318-B62903C8C132}"
EndProject
Global
	GlobalSection(SolutionConfigurationPlatforms) = preSolution
		Debug|Any CPU = Debug|Any CPU
		Release|Any CPU = Release|Any CPU
	EndGlobalSection
	GlobalSection(ProjectConfigurationPlatforms) = postSolution
		{73F2133A-2B74-476B-B17E-C790856B23D3}.Debug|Any CPU.ActiveCfg = Debug|Any CPU
		{73F2133A-2B74-476B-B17E-C790856B23D3}.Debug|Any CPU.Build.0 = Debug|Any CPU
		{73F2133A-2B74-476B-B17E-C790856B23D3}.Release|Any CPU.ActiveCfg = Release|Any CPU
		{73F2133A-2B74-476B-B17E-C790856B23D3}.Release|Any CPU.Build.0 = Release|Any CPU
		{4892B58C-1FDD-46A4-91E9-200D4332EABB}.Debug|Any CPU.ActiveCfg = Debug|Any CPU
		{4892B58C-1FDD-46A4-91E9-200D4332EABB}.Debug|Any CPU.Build.0 = Debug|Any CPU
		{4892B58C-1FDD-46A4-91E9-200D4332EABB}.Release|Any CPU.ActiveCfg = Release|Any CPU
		{4892B58C-1FDD-46A4-91E9-200D4332EABB}.Release|Any CPU.Build.0 = Release|Any CPU
		{81DDED9D-158B-E303-5F62-77A2896D2A5A}.Debug|Any CPU.ActiveCfg = Debug|Any CPU
		{81DDED9D-158B-E303-5F62-77A2896D2A5A}.Debug|Any CPU.Build.0 = Debug|Any CPU
		{81DDED9D-158B-E303-5F62-77A2896D2A5A}.Release|Any CPU.ActiveCfg = Release|Any CPU
		{81DDED9D-158B-E303-5F62-77A2896D2A5A}.Release|Any CPU.Build.0 = Release|Any CPU
		{B2C3D4E5-F6A7-8901-BCDE-F12345678901}.Debug|Any CPU.ActiveCfg = Debug|Any CPU
		{B2C3D4E5-F6A7-8901-BCDE-F12345678901}.Debug|Any CPU.Build.0 = Debug|Any CPU
		{B2C3D4E5-F6A7-8901-BCDE-F12345678901}.Release|Any CPU.ActiveCfg = Release|Any CPU
		{B2C3D4E5-F6A7-8901-BCDE-F12345678901}.Release|Any CPU.Build.0 = Release|Any CPU
		{C3D4E5F6-A7B8-9012-CDEF-123456789012}.Debug|Any CPU.ActiveCfg = Debug|Any CPU
		{C3D4E5F6-A7B8-9012-CDEF-123456789012}.Debug|Any CPU.Build.0 = Debug|Any CPU
		{C3D4E5F6-A7B8-9012-CDEF-123456789012}.Release|Any CPU.ActiveCfg = Release|Any CPU
		{C3D4E5F6-A7B8-9012-CDEF-123456789012}.Release|Any CPU.Build.0 = Release|Any CPU
		{D4E5F6A7-B8C9-0123-DEF0-234567890123}.Debug|Any CPU.ActiveCfg = Debug|Any CPU
		{D4E5F6A7-B8C9-0123-DEF0-234567890123}.Debug|Any CPU.Build.0 = Debug|Any CPU
		{D4E5F6A7-B8C9-0123-DEF0-234567890123}.Release|Any CPU.ActiveCfg = Release|Any CPU
		{D4E5F6A7-B8C9-0123-DEF0-234567890123}.Release|Any CPU.Build.0 = Release|Any CPU
		{E5F6A7B8-C9D0-1234-EF01-345678901234}.Debug|Any CPU.ActiveCfg = Debug|Any CPU
		{E5F6A7B8-C9D0-1234-EF01-345678901234}.Debug|Any CPU.Build.0 = Debug|Any CPU
		{E5F6A7B8-C9D0-1234-EF01-345678901234}.Release|Any CPU.ActiveCfg = Release|Any CPU
		{E5F6A7B8-C9D0-1234-EF01-345678901234}.Release|Any CPU.Build.0 = Release|Any CPU
	EndGlobalSection
	GlobalSection(SolutionProperties) = preSolution
		HideSolutionNode = FALSE
	EndGlobalSection
	GlobalSection(NestedProjects) = preSolution
		{02EA681E-C7D8-13C7-8484-4AC65E1B71E8} = {0189C84B-81C4-4B2E-A8A3-788781154EDE}
		{73F2133A-2B74-476B-B17E-C790856B23D3} = {02EA681E-C7D8-13C7-8484-4AC65E1B71E8}
		{4892B58C-1FDD-46A4-91E9-200D4332EABB} = {4E347253-474D-4781-98C5-CB646A9FCD01}
		{B2C3D4E5-F6A7-8901-BCDE-F12345678901} = {61FCB92D-E3D4-4025-9318-B62903C8C132}
		{C3D4E5F6-A7B8-9012-CDEF-123456789012} = {61FCB92D-E3D4-4025-9318-B62903C8C132}
		{D4E5F6A7-B8C9-0123-DEF0-234567890123} = {61FCB92D-E3D4-4025-9318-B62903C8C132}
		{E5F6A7B8-C9D0-1234-EF01-345678901234} = {61FCB92D-E3D4-4025-9318-B62903C8C132}
		{61FCB92D-E3D4-4025-9318-B62903C8C132} = {0189C84B-81C4-4B2E-A8A3-788781154EDE}
	EndGlobalSection
	GlobalSection(ExtensibilityGlobals) = postSolution
		SolutionGuid = {F5B0A0BE-0719-4F9F-9BFB-30D32548F74B}
	EndGlobalSection
EndGlobal
